// !$*UTF8*$!
{
	archiveVersion = 1;
	classes = {
	};
	objectVersion = 46;
	objects = {

/* Begin PBXBuildFile section */
		FADD45741DFC0868009F4D4D /* AppDelegate.swift in Sources */ = {isa = PBXBuildFile; fileRef = FADD45731DFC0868009F4D4D /* AppDelegate.swift */; };
		FADD45761DFC0868009F4D4D /* ViewController.swift in Sources */ = {isa = PBXBuildFile; fileRef = FADD45751DFC0868009F4D4D /* ViewController.swift */; };
		FADD45791DFC0868009F4D4D /* Main.storyboard in Resources */ = {isa = PBXBuildFile; fileRef = FADD45771DFC0868009F4D4D /* Main.storyboard */; };
		FADD457B1DFC0868009F4D4D /* Assets.xcassets in Resources */ = {isa = PBXBuildFile; fileRef = FADD457A1DFC0868009F4D4D /* Assets.xcassets */; };
		FADD457E1DFC0868009F4D4D /* LaunchScreen.storyboard in Resources */ = {isa = PBXBuildFile; fileRef = FADD457C1DFC0868009F4D4D /* LaunchScreen.storyboard */; };
/* End PBXBuildFile section */

/* Begin PBXFileReference section */
		FADD45701DFC0868009F4D4D /* GifGuess.app */ = {isa = PBXFileReference; explicitFileType = wrapper.application; includeInIndex = 0; path = GifGuess.app; sourceTree = BUILT_PRODUCTS_DIR; };
		FADD45731DFC0868009F4D4D /* AppDelegate.swift */ = {isa = PBXFileReference; lastKnownFileType = sourcecode.swift; path = AppDelegate.swift; sourceTree = "<group>"; };
		FADD45751DFC0868009F4D4D /* ViewController.swift */ = {isa = PBXFileReference; lastKnownFileType = sourcecode.swift; path = ViewController.swift; sourceTree = "<group>"; };
		FADD45781DFC0868009F4D4D /* Base */ = {isa = PBXFileReference; lastKnownFileType = file.storyboard; name = Base; path = Base.lproj/Main.storyboard; sourceTree = "<group>"; };
		FADD457A1DFC0868009F4D4D /* Assets.xcassets */ = {isa = PBXFileReference; lastKnownFileType = folder.assetcatalog; path = Assets.xcassets; sourceTree = "<group>"; };
		FADD457D1DFC0868009F4D4D /* Base */ = {isa = PBXFileReference; lastKnownFileType = file.storyboard; name = Base; path = Base.lproj/LaunchScreen.storyboard; sourceTree = "<group>"; };
		FADD457F1DFC0868009F4D4D /* Info.plist */ = {isa = PBXFileReference; lastKnownFileType = text.plist.xml; path = Info.plist; sourceTree = "<group>"; };
/* End PBXFileReference section */

/* Begin PBXFrameworksBuildPhase section */
		FADD456D1DFC0868009F4D4D /* Frameworks */ = {
			isa = PBXFrameworksBuildPhase;
			buildActionMask = 2147483647;
			files = (
			);
			runOnlyForDeploymentPostprocessing = 0;
		};
/* End PBXFrameworksBuildPhase section */

/* Begin PBXGroup section */
		FADD45671DFC0868009F4D4D = {
			isa = PBXGroup;
			children = (
				FADD45721DFC0868009F4D4D /* GifGuess */,
				FADD45711DFC0868009F4D4D /* Products */,
			);
			sourceTree = "<group>";
		};
		FADD45711DFC0868009F4D4D /* Products */ = {
			isa = PBXGroup;
			children = (
				FADD45701DFC0868009F4D4D /* GifGuess.app */,
			);
			name = Products;
			sourceTree = "<group>";
		};
		FADD45721DFC0868009F4D4D /* GifGuess */ = {
			isa = PBXGroup;
			children = (
				FADD45731DFC0868009F4D4D /* AppDelegate.swift */,
				FADD45751DFC0868009F4D4D /* ViewController.swift */,
				FADD45771DFC0868009F4D4D /* Main.storyboard */,
				FADD457A1DFC0868009F4D4D /* Assets.xcassets */,
				FADD457C1DFC0868009F4D4D /* LaunchScreen.storyboard */,
				FADD457F1DFC0868009F4D4D /* Info.plist */,
			);
			path = GifGuess;
			sourceTree = "<group>";
		};
/* End PBXGroup section */

/* Begin PBXNativeTarget section */
		FADD456F1DFC0868009F4D4D /* GifGuess */ = {
			isa = PBXNativeTarget;
			buildConfigurationList = FADD45821DFC0868009F4D4D /* Build configuration list for PBXNativeTarget "GifGuess" */;
			buildPhases = (
				FADD456C1DFC0868009F4D4D /* Sources */,
				FADD456D1DFC0868009F4D4D /* Frameworks */,
				FADD456E1DFC0868009F4D4D /* Resources */,
			);
			buildRules = (
			);
			dependencies = (
			);
			name = GifGuess;
			productName = GifGuess;
			productReference = FADD45701DFC0868009F4D4D /* GifGuess.app */;
			productType = "com.apple.product-type.application";
		};
/* End PBXNativeTarget section */

/* Begin PBXProject section */
		FADD45681DFC0868009F4D4D /* Project object */ = {
			isa = PBXProject;
			attributes = {
				LastSwiftUpdateCheck = 0810;
				LastUpgradeCheck = 0810;
				ORGANIZATIONNAME = AlexGreene;
				TargetAttributes = {
					FADD456F1DFC0868009F4D4D = {
						CreatedOnToolsVersion = 8.1;
						DevelopmentTeam = FGYEWDQDU2;
						ProvisioningStyle = Automatic;
					};
				};
			};
			buildConfigurationList = FADD456B1DFC0868009F4D4D /* Build configuration list for PBXProject "GifGuess" */;
			compatibilityVersion = "Xcode 3.2";
			developmentRegion = English;
			hasScannedForEncodings = 0;
			knownRegions = (
				en,
				Base,
			);
			mainGroup = FADD45671DFC0868009F4D4D;
			productRefGroup = FADD45711DFC0868009F4D4D /* Products */;
			projectDirPath = "";
			projectRoot = "";
			targets = (
				FADD456F1DFC0868009F4D4D /* GifGuess */,
			);
		};
/* End PBXProject section */

/* Begin PBXResourcesBuildPhase section */
		FADD456E1DFC0868009F4D4D /* Resources */ = {
			isa = PBXResourcesBuildPhase;
			buildActionMask = 2147483647;
			files = (
				FADD457E1DFC0868009F4D4D /* LaunchScreen.storyboard in Resources */,
				FADD457B1DFC0868009F4D4D /* Assets.xcassets in Resources */,
				FADD45791DFC0868009F4D4D /* Main.storyboard in Resources */,
			);
			runOnlyForDeploymentPostprocessing = 0;
		};
/* End PBXResourcesBuildPhase section */

/* Begin PBXSourcesBuildPhase section */
		FADD456C1DFC0868009F4D4D /* Sources */ = {
			isa = PBXSourcesBuildPhase;
			buildActionMask = 2147483647;
			files = (
				FADD45761DFC0868009F4D4D /* ViewController.swift in Sources */,
				FADD45741DFC0868009F4D4D /* AppDelegate.swift in Sources */,
			);
			runOnlyForDeploymentPostprocessing = 0;
		};
/* End PBXSourcesBuildPhase section */

/* Begin PBXVariantGroup section */
		FADD45771DFC0868009F4D4D /* Main.storyboard */ = {
			isa = PBXVariantGroup;
			children = (
				FADD45781DFC0868009F4D4D /* Base */,
			);
			name = Main.storyboard;
			sourceTree = "<group>";
		};
		FADD457C1DFC0868009F4D4D /* LaunchScreen.storyboard */ = {
			isa = PBXVariantGroup;
			children = (
				FADD457D1DFC0868009F4D4D /* Base */,
			);
			name = LaunchScreen.storyboard;
			sourceTree = "<group>";
		};
/* End PBXVariantGroup section */

/* Begin XCBuildConfiguration section */
		FADD45801DFC0868009F4D4D /* Debug */ = {
			isa = XCBuildConfiguration;
			buildSettings = {
				ALWAYS_SEARCH_USER_PATHS = NO;
				CLANG_ANALYZER_NONNULL = YES;
				CLANG_CXX_LANGUAGE_STANDARD = "gnu++0x";
				CLANG_CXX_LIBRARY = "libc++";
				CLANG_ENABLE_MODULES = YES;
				CLANG_ENABLE_OBJC_ARC = YES;
				CLANG_WARN_BOOL_CONVERSION = YES;
				CLANG_WARN_CONSTANT_CONVERSION = YES;
				CLANG_WARN_DIRECT_OBJC_ISA_USAGE = YES_ERROR;
				CLANG_WARN_DOCUMENTATION_COMMENTS = YES;
				CLANG_WARN_EMPTY_BODY = YES;
				CLANG_WARN_ENUM_CONVERSION = YES;
				CLANG_WARN_INFINITE_RECURSION = YES;
				CLANG_WARN_INT_CONVERSION = YES;
				CLANG_WARN_OBJC_ROOT_CLASS = YES_ERROR;
				CLANG_WARN_SUSPICIOUS_MOVES = YES;
				CLANG_WARN_UNREACHABLE_CODE = YES;
				CLANG_WARN__DUPLICATE_METHOD_MATCH = YES;
				"CODE_SIGN_IDENTITY[sdk=iphoneos*]" = "iPhone Developer";
				COPY_PHASE_STRIP = NO;
				DEBUG_INFORMATION_FORMAT = dwarf;
				ENABLE_STRICT_OBJC_MSGSEND = YES;
				ENABLE_TESTABILITY = YES;
				GCC_C_LANGUAGE_STANDARD = gnu99;
				GCC_DYNAMIC_NO_PIC = NO;
				GCC_NO_COMMON_BLOCKS = YES;
				GCC_OPTIMIZATION_LEVEL = 0;
				GCC_PREPROCESSOR_DEFINITIONS = (
					"DEBUG=1",
					"$(inherited)",
				);
				GCC_WARN_64_TO_32_BIT_CONVERSION = YES;
				GCC_WARN_ABOUT_RETURN_TYPE = YES_ERROR;
				GCC_WARN_UNDECLARED_SELECTOR = YES;
				GCC_WARN_UNINITIALIZED_AUTOS = YES_AGGRESSIVE;
				GCC_WARN_UNUSED_FUNCTION = YES;
				GCC_WARN_UNUSED_VARIABLE = YES;
				IPHONEOS_DEPLOYMENT_TARGET = 10.1;
				MTL_ENABLE_DEBUG_INFO = YES;
				ONLY_ACTIVE_ARCH = YES;
				SDKROOT = iphoneos;
				SWIFT_ACTIVE_COMPILATION_CONDITIONS = DEBUG;
				SWIFT_OPTIMIZATION_LEVEL = "-Onone";
				TARGETED_DEVICE_FAMILY = "1,2";
			};
			name = Debug;
		};
		FADD45811DFC0868009F4D4D /* Release */ = {
			isa = XCBuildConfiguration;
			buildSettings = {
				ALWAYS_SEARCH_USER_PATHS = NO;
				CLANG_ANALYZER_NONNULL = YES;
				CLANG_CXX_LANGUAGE_STANDARD = "gnu++0x";
				CLANG_CXX_LIBRARY = "libc++";
				CLANG_ENABLE_MODULES = YES;
				CLANG_ENABLE_OBJC_ARC = YES;
				CLANG_WARN_BOOL_CONVERSION = YES;
				CLANG_WARN_CONSTANT_CONVERSION = YES;
				CLANG_WARN_DIRECT_OBJC_ISA_USAGE = YES_ERROR;
				CLANG_WARN_DOCUMENTATION_COMMENTS = YES;
				CLANG_WARN_EMPTY_BODY = YES;
				CLANG_WARN_ENUM_CONVERSION = YES;
				CLANG_WARN_INFINITE_RECURSION = YES;
				CLANG_WARN_INT_CONVERSION = YES;
				CLANG_WARN_OBJC_ROOT_CLASS = YES_ERROR;
				CLANG_WARN_SUSPICIOUS_MOVES = YES;
				CLANG_WARN_UNREACHABLE_CODE = YES;
				CLANG_WARN__DUPLICATE_METHOD_MATCH = YES;
				"CODE_SIGN_IDENTITY[sdk=iphoneos*]" = "iPhone Developer";
				COPY_PHASE_STRIP = NO;
				DEBUG_INFORMATION_FORMAT = "dwarf-with-dsym";
				ENABLE_NS_ASSERTIONS = NO;
				ENABLE_STRICT_OBJC_MSGSEND = YES;
				GCC_C_LANGUAGE_STANDARD = gnu99;
				GCC_NO_COMMON_BLOCKS = YES;
				GCC_WARN_64_TO_32_BIT_CONVERSION = YES;
				GCC_WARN_ABOUT_RETURN_TYPE = YES_ERROR;
				GCC_WARN_UNDECLARED_SELECTOR = YES;
				GCC_WARN_UNINITIALIZED_AUTOS = YES_AGGRESSIVE;
				GCC_WARN_UNUSED_FUNCTION = YES;
				GCC_WARN_UNUSED_VARIABLE = YES;
				IPHONEOS_DEPLOYMENT_TARGET = 10.1;
				MTL_ENABLE_DEBUG_INFO = NO;
				SDKROOT = iphoneos;
				SWIFT_OPTIMIZATION_LEVEL = "-Owholemodule";
				TARGETED_DEVICE_FAMILY = "1,2";
				VALIDATE_PRODUCT = YES;
			};
			name = Release;
		};
		FADD45831DFC0868009F4D4D /* Debug */ = {
			isa = XCBuildConfiguration;
			buildSettings = {
				ASSETCATALOG_COMPILER_APPICON_NAME = AppIcon;
				DEVELOPMENT_TEAM = FGYEWDQDU2;
				INFOPLIST_FILE = GifGuess/Info.plist;
				LD_RUNPATH_SEARCH_PATHS = "$(inherited) @executable_path/Frameworks";
				PRODUCT_BUNDLE_IDENTIFIER = com.AlexGreene.GifGuess;
				PRODUCT_NAME = "$(TARGET_NAME)";
				SWIFT_VERSION = 3.0;
			};
			name = Debug;
		};
		FADD45841DFC0868009F4D4D /* Release */ = {
			isa = XCBuildConfiguration;
			buildSettings = {
				ASSETCATALOG_COMPILER_APPICON_NAME = AppIcon;
				DEVELOPMENT_TEAM = FGYEWDQDU2;
				INFOPLIST_FILE = GifGuess/Info.plist;
				LD_RUNPATH_SEARCH_PATHS = "$(inherited) @executable_path/Frameworks";
				PRODUCT_BUNDLE_IDENTIFIER = com.AlexGreene.GifGuess;
				PRODUCT_NAME = "$(TARGET_NAME)";
				SWIFT_VERSION = 3.0;
			};
			name = Release;
		};
/* End XCBuildConfiguration section */

/* Begin XCConfigurationList section */
		FADD456B1DFC0868009F4D4D /* Build configuration list for PBXProject "GifGuess" */ = {
			isa = XCConfigurationList;
			buildConfigurations = (
				FADD45801DFC0868009F4D4D /* Debug */,
				FADD45811DFC0868009F4D4D /* Release */,
			);
			defaultConfigurationIsVisible = 0;
			defaultConfigurationName = Release;
		};
		FADD45821DFC0868009F4D4D /* Build configuration list for PBXNativeTarget "GifGuess" */ = {
			isa = XCConfigurationList;
			buildConfigurations = (
				FADD45831DFC0868009F4D4D /* Debug */,
				FADD45841DFC0868009F4D4D /* Release */,
			);
			defaultConfigurationIsVisible = 0;
		};
/* End XCConfigurationList section */
	};
	rootObject = FADD45681DFC0868009F4D4D /* Project object */;
}
